
Microsoft Visual Studio Solution File, Format Version 12.00
# Visual Studio 15
VisualStudioVersion = 15.0.28307.168
MinimumVisualStudioVersion = 10.0.40219.1
Project("{FAE04EC0-301F-11D3-BF4B-00C04F79EFBC}") = "Go.Job.BaseJob", "Go.Job.BaseJob\Go.Job.BaseJob.csproj", "{E587A17A-A8F3-45D9-8274-57655C7881D5}"
EndProject
Project("{FAE04EC0-301F-11D3-BF4B-00C04F79EFBC}") = "Go.Job.Model", "Go.Job.Model\Go.Job.Model.csproj", "{D47524C9-3F63-40C6-B368-72E3E8D0332D}"
EndProject
Global
	GlobalSection(SolutionConfigurationPlatforms) = preSolution
		Debug|Any CPU = Debug|Any CPU
		Release|Any CPU = Release|Any CPU
	EndGlobalSection
	GlobalSection(ProjectConfigurationPlatforms) = postSolution
		{E587A17A-A8F3-45D9-8274-57655C7881D5}.Debug|Any CPU.ActiveCfg = Debug|Any CPU
		{E587A17A-A8F3-45D9-8274-57655C7881D5}.Debug|Any CPU.Build.0 = Debug|Any CPU
		{E587A17A-A8F3-45D9-8274-57655C7881D5}.Release|Any CPU.ActiveCfg = Release|Any CPU
		{E587A17A-A8F3-45D9-8274-57655C7881D5}.Release|Any CPU.Build.0 = Release|Any CPU
		{D47524C9-3F63-40C6-B368-72E3E8D0332D}.Debug|Any CPU.ActiveCfg = Debug|Any CPU
		{D47524C9-3F63-40C6-B368-72E3E8D0332D}.Debug|Any CPU.Build.0 = Debug|Any CPU
		{D47524C9-3F63-40C6-B368-72E3E8D0332D}.Release|Any CPU.ActiveCfg = Release|Any CPU
		{D47524C9-3F63-40C6-B368-72E3E8D0332D}.Release|Any CPU.Build.0 = Release|Any CPU
	EndGlobalSection
	GlobalSection(SolutionProperties) = preSolution
		HideSolutionNode = FALSE
	EndGlobalSection
	GlobalSection(ExtensibilityGlobals) = postSolution
		SolutionGuid = {068C3729-6B60-4F30-8BEA-F1E7D996D54F}
	EndGlobalSection
EndGlobal
