
Microsoft Visual Studio Solution File, Format Version 12.00
# Visual Studio 15
VisualStudioVersion = 15.0.28307.168
MinimumVisualStudioVersion = 10.0.40219.1
Project("{FAE04EC0-301F-11D3-BF4B-00C04F79EFBC}") = "Go.Job.BaseJob", "..\..\Go.Job4.5 - 副本\Go.Job.BaseJob\Go.Job.BaseJob.csproj", "{E587A17A-A8F3-45D9-8274-57655C7881D5}"
EndProject
Project("{FAE04EC0-301F-11D3-BF4B-00C04F79EFBC}") = "Go.Job.Model", "..\..\Go.Job4.5 - 副本\Go.Job.Model\Go.Job.Model.csproj", "{D47524C9-3F63-40C6-B368-72E3E8D0332D}"
EndProject
Project("{FAE04EC0-301F-11D3-BF4B-00C04F79EFBC}") = "Go.Job.Service", "..\..\Go.Job4.5 - 副本\Go.Job.Service\Go.Job.Service.csproj", "{5E9C82F9-2303-4869-8AD9-F40C45D8E0E4}"
EndProject
Project("{FAE04EC0-301F-11D3-BF4B-00C04F79EFBC}") = "Go.Job.Service.Api", "..\..\Go.Job4.5 - 副本\Go.Job.Service.Api\Go.Job.Service.Api.csproj", "{2D230C2D-CF6D-422C-852C-3B04FB40D642}"
EndProject
Project("{FAE04EC0-301F-11D3-BF4B-00C04F79EFBC}") = "Go.Job.Service.Host", "..\..\Go.Job4.5 - 副本\Go.Job.Service.Host\Go.Job.Service.Host.csproj", "{74E9CE7D-33D2-4692-8E75-EBAEC8238E6D}"
EndProject
Project("{FAE04EC0-301F-11D3-BF4B-00C04F79EFBC}") = "Go.Job.Service.Logic", "..\..\Go.Job4.5 - 副本\Go.Job.Service.Logic\Go.Job.Service.Logic.csproj", "{BDF1E8D2-7C18-477E-9091-F6C6E39FF0E4}"
EndProject
Project("{FAE04EC0-301F-11D3-BF4B-00C04F79EFBC}") = "Go.Job.Service.Middleware", "..\..\Go.Job4.5 - 副本\Go.Job.Service.Middleware\Go.Job.Service.Middleware.csproj", "{438EA8CE-DB50-4012-99D9-779D44C2CDE2}"
EndProject
Project("{FAE04EC0-301F-11D3-BF4B-00C04F79EFBC}") = "Go.Job.Web", "..\..\Go.Job4.5 - 副本\Go.Job.Web\Go.Job.Web.csproj", "{66F10BDD-86ED-49C3-B2E7-1094E0CF32EC}"
EndProject
Global
	GlobalSection(SolutionConfigurationPlatforms) = preSolution
		Debug|Any CPU = Debug|Any CPU
		Release|Any CPU = Release|Any CPU
	EndGlobalSection
	GlobalSection(ProjectConfigurationPlatforms) = postSolution
		{E587A17A-A8F3-45D9-8274-57655C7881D5}.Debug|Any CPU.ActiveCfg = Debug|Any CPU
		{E587A17A-A8F3-45D9-8274-57655C7881D5}.Debug|Any CPU.Build.0 = Debug|Any CPU
		{E587A17A-A8F3-45D9-8274-57655C7881D5}.Release|Any CPU.ActiveCfg = Release|Any CPU
		{E587A17A-A8F3-45D9-8274-57655C7881D5}.Release|Any CPU.Build.0 = Release|Any CPU
		{D47524C9-3F63-40C6-B368-72E3E8D0332D}.Debug|Any CPU.ActiveCfg = Debug|Any CPU
		{D47524C9-3F63-40C6-B368-72E3E8D0332D}.Debug|Any CPU.Build.0 = Debug|Any CPU
		{D47524C9-3F63-40C6-B368-72E3E8D0332D}.Release|Any CPU.ActiveCfg = Release|Any CPU
		{D47524C9-3F63-40C6-B368-72E3E8D0332D}.Release|Any CPU.Build.0 = Release|Any CPU
		{5E9C82F9-2303-4869-8AD9-F40C45D8E0E4}.Debug|Any CPU.ActiveCfg = Debug|Any CPU
		{5E9C82F9-2303-4869-8AD9-F40C45D8E0E4}.Debug|Any CPU.Build.0 = Debug|Any CPU
		{5E9C82F9-2303-4869-8AD9-F40C45D8E0E4}.Release|Any CPU.ActiveCfg = Release|Any CPU
		{5E9C82F9-2303-4869-8AD9-F40C45D8E0E4}.Release|Any CPU.Build.0 = Release|Any CPU
		{2D230C2D-CF6D-422C-852C-3B04FB40D642}.Debug|Any CPU.ActiveCfg = Debug|Any CPU
		{2D230C2D-CF6D-422C-852C-3B04FB40D642}.Debug|Any CPU.Build.0 = Debug|Any CPU
		{2D230C2D-CF6D-422C-852C-3B04FB40D642}.Release|Any CPU.ActiveCfg = Release|Any CPU
		{2D230C2D-CF6D-422C-852C-3B04FB40D642}.Release|Any CPU.Build.0 = Release|Any CPU
		{74E9CE7D-33D2-4692-8E75-EBAEC8238E6D}.Debug|Any CPU.ActiveCfg = Debug|Any CPU
		{74E9CE7D-33D2-4692-8E75-EBAEC8238E6D}.Debug|Any CPU.Build.0 = Debug|Any CPU
		{74E9CE7D-33D2-4692-8E75-EBAEC8238E6D}.Release|Any CPU.ActiveCfg = Release|Any CPU
		{74E9CE7D-33D2-4692-8E75-EBAEC8238E6D}.Release|Any CPU.Build.0 = Release|Any CPU
		{BDF1E8D2-7C18-477E-9091-F6C6E39FF0E4}.Debug|Any CPU.ActiveCfg = Debug|Any CPU
		{BDF1E8D2-7C18-477E-9091-F6C6E39FF0E4}.Debug|Any CPU.Build.0 = Debug|Any CPU
		{BDF1E8D2-7C18-477E-9091-F6C6E39FF0E4}.Release|Any CPU.ActiveCfg = Release|Any CPU
		{BDF1E8D2-7C18-477E-9091-F6C6E39FF0E4}.Release|Any CPU.Build.0 = Release|Any CPU
		{438EA8CE-DB50-4012-99D9-779D44C2CDE2}.Debug|Any CPU.ActiveCfg = Debug|Any CPU
		{438EA8CE-DB50-4012-99D9-779D44C2CDE2}.Debug|Any CPU.Build.0 = Debug|Any CPU
		{438EA8CE-DB50-4012-99D9-779D44C2CDE2}.Release|Any CPU.ActiveCfg = Release|Any CPU
		{438EA8CE-DB50-4012-99D9-779D44C2CDE2}.Release|Any CPU.Build.0 = Release|Any CPU
		{66F10BDD-86ED-49C3-B2E7-1094E0CF32EC}.Debug|Any CPU.ActiveCfg = Debug|Any CPU
		{66F10BDD-86ED-49C3-B2E7-1094E0CF32EC}.Debug|Any CPU.Build.0 = Debug|Any CPU
		{66F10BDD-86ED-49C3-B2E7-1094E0CF32EC}.Release|Any CPU.ActiveCfg = Release|Any CPU
		{66F10BDD-86ED-49C3-B2E7-1094E0CF32EC}.Release|Any CPU.Build.0 = Release|Any CPU
	EndGlobalSection
	GlobalSection(SolutionProperties) = preSolution
		HideSolutionNode = FALSE
	EndGlobalSection
	GlobalSection(ExtensibilityGlobals) = postSolution
		SolutionGuid = {068C3729-6B60-4F30-8BEA-F1E7D996D54F}
	EndGlobalSection
EndGlobal
